// !$*UTF8*$!
{
	archiveVersion = 1;
	classes = {
	};
	objectVersion = 55;
	objects = {

/* Begin PBXBuildFile section */
		2F8756731866AE8C3120223C /* Apple_iphone_6_Original_Ringtone_S_(getmp3.pro).mp3 in Resources */ = {isa = PBXBuildFile; fileRef = 2F875FAA5687A510FBFBF0F2 /* Apple_iphone_6_Original_Ringtone_S_(getmp3.pro).mp3 */; };
		4317B654281312F900996778 /* FakeMomCall.swift in Sources */ = {isa = PBXBuildFile; fileRef = 4317B653281312F900996778 /* FakeMomCall.swift */; };
		433E8B57280A6AA50077C742 /* MessAroundApp.swift in Sources */ = {isa = PBXBuildFile; fileRef = 433E8B56280A6AA50077C742 /* MessAroundApp.swift */; };
		433E8B59280A6AA50077C742 /* ContentView.swift in Sources */ = {isa = PBXBuildFile; fileRef = 433E8B58280A6AA50077C742 /* ContentView.swift */; };
		433E8B5B280A6AA60077C742 /* Assets.xcassets in Resources */ = {isa = PBXBuildFile; fileRef = 433E8B5A280A6AA60077C742 /* Assets.xcassets */; };
		433E8B5E280A6AA60077C742 /* Preview Assets.xcassets in Resources */ = {isa = PBXBuildFile; fileRef = 433E8B5D280A6AA60077C742 /* Preview Assets.xcassets */; };
		433E8B68280A6AA60077C742 /* MessAroundTests.swift in Sources */ = {isa = PBXBuildFile; fileRef = 433E8B67280A6AA60077C742 /* MessAroundTests.swift */; };
		433E8B72280A6AA60077C742 /* MessAroundUITests.swift in Sources */ = {isa = PBXBuildFile; fileRef = 433E8B71280A6AA60077C742 /* MessAroundUITests.swift */; };
		433E8B74280A6AA60077C742 /* MessAroundUITestsLaunchTests.swift in Sources */ = {isa = PBXBuildFile; fileRef = 433E8B73280A6AA60077C742 /* MessAroundUITestsLaunchTests.swift */; };
		436119FF2810427B0001F80D /* Demo.swift in Sources */ = {isa = PBXBuildFile; fileRef = 436119FE2810427B0001F80D /* Demo.swift */; };
		43611A012810A7540001F80D /* CRAAPTEST.swift in Sources */ = {isa = PBXBuildFile; fileRef = 43611A002810A7540001F80D /* CRAAPTEST.swift */; };
		43965B352818B9BD004823D1 /* Math_nPr:nCr.swift in Sources */ = {isa = PBXBuildFile; fileRef = 43965B342818B9BD004823D1 /* Math_nPr:nCr.swift */; };
		43965B372818D96A004823D1 /* MathEz.swift in Sources */ = {isa = PBXBuildFile; fileRef = 43965B362818D96A004823D1 /* MathEz.swift */; };
		43965B392818DB95004823D1 /* Factorial.swift in Sources */ = {isa = PBXBuildFile; fileRef = 43965B382818DB95004823D1 /* Factorial.swift */; };
		43E6AA50280BBA7D00900501 /* Buttion 1.swift in Sources */ = {isa = PBXBuildFile; fileRef = 43E6AA4F280BBA7D00900501 /* Buttion 1.swift */; };
		43E6AA52280BBAF100900501 /* Buttion2.swift in Sources */ = {isa = PBXBuildFile; fileRef = 43E6AA51280BBAF100900501 /* Buttion2.swift */; };
		43EB66D0280C6E9C008153DC /* Buttion 3.swift in Sources */ = {isa = PBXBuildFile; fileRef = 43EB66CF280C6E9C008153DC /* Buttion 3.swift */; };
/* End PBXBuildFile section */

/* Begin PBXContainerItemProxy section */
		433E8B64280A6AA60077C742 /* PBXContainerItemProxy */ = {
			isa = PBXContainerItemProxy;
			containerPortal = 433E8B4B280A6AA50077C742 /* Project object */;
			proxyType = 1;
			remoteGlobalIDString = 433E8B52280A6AA50077C742;
			remoteInfo = MessAround;
		};
		433E8B6E280A6AA60077C742 /* PBXContainerItemProxy */ = {
			isa = PBXContainerItemProxy;
			containerPortal = 433E8B4B280A6AA50077C742 /* Project object */;
			proxyType = 1;
			remoteGlobalIDString = 433E8B52280A6AA50077C742;
			remoteInfo = MessAround;
		};
/* End PBXContainerItemProxy section */

/* Begin PBXFileReference section */
		2F875FAA5687A510FBFBF0F2 /* Apple_iphone_6_Original_Ringtone_S_(getmp3.pro).mp3 */ = {isa = PBXFileReference; lastKnownFileType = audio.mp3; path = "Apple_iphone_6_Original_Ringtone_S_(getmp3.pro).mp3"; sourceTree = "<group>"; };
		4317B653281312F900996778 /* FakeMomCall.swift */ = {isa = PBXFileReference; lastKnownFileType = sourcecode.swift; path = FakeMomCall.swift; sourceTree = "<group>"; };
		4317B655281348B800996778 /* Info.plist */ = {isa = PBXFileReference; lastKnownFileType = text.plist; path = Info.plist; sourceTree = "<group>"; };
		433E8B53280A6AA50077C742 /* MessAround.app */ = {isa = PBXFileReference; explicitFileType = wrapper.application; includeInIndex = 0; path = MessAround.app; sourceTree = BUILT_PRODUCTS_DIR; };
		433E8B56280A6AA50077C742 /* MessAroundApp.swift */ = {isa = PBXFileReference; lastKnownFileType = sourcecode.swift; path = MessAroundApp.swift; sourceTree = "<group>"; };
		433E8B58280A6AA50077C742 /* ContentView.swift */ = {isa = PBXFileReference; lastKnownFileType = sourcecode.swift; path = ContentView.swift; sourceTree = "<group>"; };
		433E8B5A280A6AA60077C742 /* Assets.xcassets */ = {isa = PBXFileReference; lastKnownFileType = folder.assetcatalog; path = Assets.xcassets; sourceTree = "<group>"; };
		433E8B5D280A6AA60077C742 /* Preview Assets.xcassets */ = {isa = PBXFileReference; lastKnownFileType = folder.assetcatalog; path = "Preview Assets.xcassets"; sourceTree = "<group>"; };
		433E8B63280A6AA60077C742 /* MessAroundTests.xctest */ = {isa = PBXFileReference; explicitFileType = wrapper.cfbundle; includeInIndex = 0; path = MessAroundTests.xctest; sourceTree = BUILT_PRODUCTS_DIR; };
		433E8B67280A6AA60077C742 /* MessAroundTests.swift */ = {isa = PBXFileReference; lastKnownFileType = sourcecode.swift; path = MessAroundTests.swift; sourceTree = "<group>"; };
		433E8B6D280A6AA60077C742 /* MessAroundUITests.xctest */ = {isa = PBXFileReference; explicitFileType = wrapper.cfbundle; includeInIndex = 0; path = MessAroundUITests.xctest; sourceTree = BUILT_PRODUCTS_DIR; };
		433E8B71280A6AA60077C742 /* MessAroundUITests.swift */ = {isa = PBXFileReference; lastKnownFileType = sourcecode.swift; path = MessAroundUITests.swift; sourceTree = "<group>"; };
		433E8B73280A6AA60077C742 /* MessAroundUITestsLaunchTests.swift */ = {isa = PBXFileReference; lastKnownFileType = sourcecode.swift; path = MessAroundUITestsLaunchTests.swift; sourceTree = "<group>"; };
		436119FE2810427B0001F80D /* Demo.swift */ = {isa = PBXFileReference; lastKnownFileType = sourcecode.swift; path = Demo.swift; sourceTree = "<group>"; };
		43611A002810A7540001F80D /* CRAAPTEST.swift */ = {isa = PBXFileReference; lastKnownFileType = sourcecode.swift; path = CRAAPTEST.swift; sourceTree = "<group>"; };
		43965B342818B9BD004823D1 /* Math_nPr:nCr.swift */ = {isa = PBXFileReference; lastKnownFileType = sourcecode.swift; path = "Math_nPr:nCr.swift"; sourceTree = "<group>"; };
		43965B362818D96A004823D1 /* MathEz.swift */ = {isa = PBXFileReference; lastKnownFileType = sourcecode.swift; path = MathEz.swift; sourceTree = "<group>"; };
		43965B382818DB95004823D1 /* Factorial.swift */ = {isa = PBXFileReference; lastKnownFileType = sourcecode.swift; path = Factorial.swift; sourceTree = "<group>"; };
		43E6AA4F280BBA7D00900501 /* Buttion 1.swift */ = {isa = PBXFileReference; lastKnownFileType = sourcecode.swift; path = "Buttion 1.swift"; sourceTree = "<group>"; };
		43E6AA51280BBAF100900501 /* Buttion2.swift */ = {isa = PBXFileReference; lastKnownFileType = sourcecode.swift; path = Buttion2.swift; sourceTree = "<group>"; };
		43EB66CF280C6E9C008153DC /* Buttion 3.swift */ = {isa = PBXFileReference; lastKnownFileType = sourcecode.swift; path = "Buttion 3.swift"; sourceTree = "<group>"; };
/* End PBXFileReference section */

/* Begin PBXFrameworksBuildPhase section */
		433E8B50280A6AA50077C742 /* Frameworks */ = {
			isa = PBXFrameworksBuildPhase;
			buildActionMask = 2147483647;
			files = (
			);
			runOnlyForDeploymentPostprocessing = 0;
		};
		433E8B60280A6AA60077C742 /* Frameworks */ = {
			isa = PBXFrameworksBuildPhase;
			buildActionMask = 2147483647;
			files = (
			);
			runOnlyForDeploymentPostprocessing = 0;
		};
		433E8B6A280A6AA60077C742 /* Frameworks */ = {
			isa = PBXFrameworksBuildPhase;
			buildActionMask = 2147483647;
			files = (
			);
			runOnlyForDeploymentPostprocessing = 0;
		};
/* End PBXFrameworksBuildPhase section */

/* Begin PBXGroup section */
		433E8B4A280A6AA50077C742 = {
			isa = PBXGroup;
			children = (
				433E8B55280A6AA50077C742 /* MessAround */,
				433E8B66280A6AA60077C742 /* MessAroundTests */,
				433E8B70280A6AA60077C742 /* MessAroundUITests */,
				433E8B54280A6AA50077C742 /* Products */,
			);
			sourceTree = "<group>";
		};
		433E8B54280A6AA50077C742 /* Products */ = {
			isa = PBXGroup;
			children = (
				433E8B53280A6AA50077C742 /* MessAround.app */,
				433E8B63280A6AA60077C742 /* MessAroundTests.xctest */,
				433E8B6D280A6AA60077C742 /* MessAroundUITests.xctest */,
			);
			name = Products;
			sourceTree = "<group>";
		};
		433E8B55280A6AA50077C742 /* MessAround */ = {
			isa = PBXGroup;
			children = (
				4317B655281348B800996778 /* Info.plist */,
				433E8B56280A6AA50077C742 /* MessAroundApp.swift */,
				433E8B58280A6AA50077C742 /* ContentView.swift */,
				43611A002810A7540001F80D /* CRAAPTEST.swift */,
				4317B653281312F900996778 /* FakeMomCall.swift */,
				43965B362818D96A004823D1 /* MathEz.swift */,
				43965B382818DB95004823D1 /* Factorial.swift */,
				43965B342818B9BD004823D1 /* Math_nPr:nCr.swift */,
				436119FE2810427B0001F80D /* Demo.swift */,
				43E6AA4F280BBA7D00900501 /* Buttion 1.swift */,
				43E6AA51280BBAF100900501 /* Buttion2.swift */,
				43EB66CF280C6E9C008153DC /* Buttion 3.swift */,
				433E8B5A280A6AA60077C742 /* Assets.xcassets */,
				2F875FAA5687A510FBFBF0F2 /* Apple_iphone_6_Original_Ringtone_S_(getmp3.pro).mp3 */,
				433E8B5C280A6AA60077C742 /* Preview Content */,
			);
			path = MessAround;
			sourceTree = "<group>";
		};
		433E8B5C280A6AA60077C742 /* Preview Content */ = {
			isa = PBXGroup;
			children = (
				433E8B5D280A6AA60077C742 /* Preview Assets.xcassets */,
			);
			path = "Preview Content";
			sourceTree = "<group>";
		};
		433E8B66280A6AA60077C742 /* MessAroundTests */ = {
			isa = PBXGroup;
			children = (
				433E8B67280A6AA60077C742 /* MessAroundTests.swift */,
			);
			path = MessAroundTests;
			sourceTree = "<group>";
		};
		433E8B70280A6AA60077C742 /* MessAroundUITests */ = {
			isa = PBXGroup;
			children = (
				433E8B71280A6AA60077C742 /* MessAroundUITests.swift */,
				433E8B73280A6AA60077C742 /* MessAroundUITestsLaunchTests.swift */,
			);
			path = MessAroundUITests;
			sourceTree = "<group>";
		};
/* End PBXGroup section */

/* Begin PBXNativeTarget section */
		433E8B52280A6AA50077C742 /* MessAround */ = {
			isa = PBXNativeTarget;
			buildConfigurationList = 433E8B77280A6AA60077C742 /* Build configuration list for PBXNativeTarget "MessAround" */;
			buildPhases = (
				433E8B4F280A6AA50077C742 /* Sources */,
				433E8B50280A6AA50077C742 /* Frameworks */,
				433E8B51280A6AA50077C742 /* Resources */,
			);
			buildRules = (
			);
			dependencies = (
			);
			name = MessAround;
			productName = MessAround;
			productReference = 433E8B53280A6AA50077C742 /* MessAround.app */;
			productType = "com.apple.product-type.application";
		};
		433E8B62280A6AA60077C742 /* MessAroundTests */ = {
			isa = PBXNativeTarget;
			buildConfigurationList = 433E8B7A280A6AA60077C742 /* Build configuration list for PBXNativeTarget "MessAroundTests" */;
			buildPhases = (
				433E8B5F280A6AA60077C742 /* Sources */,
				433E8B60280A6AA60077C742 /* Frameworks */,
				433E8B61280A6AA60077C742 /* Resources */,
			);
			buildRules = (
			);
			dependencies = (
				433E8B65280A6AA60077C742 /* PBXTargetDependency */,
			);
			name = MessAroundTests;
			productName = MessAroundTests;
			productReference = 433E8B63280A6AA60077C742 /* MessAroundTests.xctest */;
			productType = "com.apple.product-type.bundle.unit-test";
		};
		433E8B6C280A6AA60077C742 /* MessAroundUITests */ = {
			isa = PBXNativeTarget;
			buildConfigurationList = 433E8B7D280A6AA60077C742 /* Build configuration list for PBXNativeTarget "MessAroundUITests" */;
			buildPhases = (
				433E8B69280A6AA60077C742 /* Sources */,
				433E8B6A280A6AA60077C742 /* Frameworks */,
				433E8B6B280A6AA60077C742 /* Resources */,
			);
			buildRules = (
			);
			dependencies = (
				433E8B6F280A6AA60077C742 /* PBXTargetDependency */,
			);
			name = MessAroundUITests;
			productName = MessAroundUITests;
			productReference = 433E8B6D280A6AA60077C742 /* MessAroundUITests.xctest */;
			productType = "com.apple.product-type.bundle.ui-testing";
		};
/* End PBXNativeTarget section */

/* Begin PBXProject section */
		433E8B4B280A6AA50077C742 /* Project object */ = {
			isa = PBXProject;
			attributes = {
				BuildIndependentTargetsInParallel = 1;
				LastSwiftUpdateCheck = 1330;
				LastUpgradeCheck = 1330;
				TargetAttributes = {
					433E8B52280A6AA50077C742 = {
						CreatedOnToolsVersion = 13.3;
					};
					433E8B62280A6AA60077C742 = {
						CreatedOnToolsVersion = 13.3;
						TestTargetID = 433E8B52280A6AA50077C742;
					};
					433E8B6C280A6AA60077C742 = {
						CreatedOnToolsVersion = 13.3;
						TestTargetID = 433E8B52280A6AA50077C742;
					};
				};
			};
			buildConfigurationList = 433E8B4E280A6AA50077C742 /* Build configuration list for PBXProject "MessAround" */;
			compatibilityVersion = "Xcode 13.0";
			developmentRegion = en;
			hasScannedForEncodings = 0;
			knownRegions = (
				en,
				Base,
			);
			mainGroup = 433E8B4A280A6AA50077C742;
			productRefGroup = 433E8B54280A6AA50077C742 /* Products */;
			projectDirPath = "";
			projectRoot = "";
			targets = (
				433E8B52280A6AA50077C742 /* MessAround */,
				433E8B62280A6AA60077C742 /* MessAroundTests */,
				433E8B6C280A6AA60077C742 /* MessAroundUITests */,
			);
		};
/* End PBXProject section */

/* Begin PBXResourcesBuildPhase section */
		433E8B51280A6AA50077C742 /* Resources */ = {
			isa = PBXResourcesBuildPhase;
			buildActionMask = 2147483647;
			files = (
				433E8B5E280A6AA60077C742 /* Preview Assets.xcassets in Resources */,
				433E8B5B280A6AA60077C742 /* Assets.xcassets in Resources */,
				2F8756731866AE8C3120223C /* Apple_iphone_6_Original_Ringtone_S_(getmp3.pro).mp3 in Resources */,
			);
			runOnlyForDeploymentPostprocessing = 0;
		};
		433E8B61280A6AA60077C742 /* Resources */ = {
			isa = PBXResourcesBuildPhase;
			buildActionMask = 2147483647;
			files = (
			);
			runOnlyForDeploymentPostprocessing = 0;
		};
		433E8B6B280A6AA60077C742 /* Resources */ = {
			isa = PBXResourcesBuildPhase;
			buildActionMask = 2147483647;
			files = (
			);
			runOnlyForDeploymentPostprocessing = 0;
		};
/* End PBXResourcesBuildPhase section */

/* Begin PBXSourcesBuildPhase section */
		433E8B4F280A6AA50077C742 /* Sources */ = {
			isa = PBXSourcesBuildPhase;
			buildActionMask = 2147483647;
			files = (
				43965B372818D96A004823D1 /* MathEz.swift in Sources */,
				4317B654281312F900996778 /* FakeMomCall.swift in Sources */,
				43965B392818DB95004823D1 /* Factorial.swift in Sources */,
				43E6AA52280BBAF100900501 /* Buttion2.swift in Sources */,
				43611A012810A7540001F80D /* CRAAPTEST.swift in Sources */,
				433E8B59280A6AA50077C742 /* ContentView.swift in Sources */,
				436119FF2810427B0001F80D /* Demo.swift in Sources */,
				433E8B57280A6AA50077C742 /* MessAroundApp.swift in Sources */,
				43E6AA50280BBA7D00900501 /* Buttion 1.swift in Sources */,
				43EB66D0280C6E9C008153DC /* Buttion 3.swift in Sources */,
				43965B352818B9BD004823D1 /* Math_nPr:nCr.swift in Sources */,
			);
			runOnlyForDeploymentPostprocessing = 0;
		};
		433E8B5F280A6AA60077C742 /* Sources */ = {
			isa = PBXSourcesBuildPhase;
			buildActionMask = 2147483647;
			files = (
				433E8B68280A6AA60077C742 /* MessAroundTests.swift in Sources */,
			);
			runOnlyForDeploymentPostprocessing = 0;
		};
		433E8B69280A6AA60077C742 /* Sources */ = {
			isa = PBXSourcesBuildPhase;
			buildActionMask = 2147483647;
			files = (
				433E8B72280A6AA60077C742 /* MessAroundUITests.swift in Sources */,
				433E8B74280A6AA60077C742 /* MessAroundUITestsLaunchTests.swift in Sources */,
			);
			runOnlyForDeploymentPostprocessing = 0;
		};
/* End PBXSourcesBuildPhase section */

/* Begin PBXTargetDependency section */
		433E8B65280A6AA60077C742 /* PBXTargetDependency */ = {
			isa = PBXTargetDependency;
			target = 433E8B52280A6AA50077C742 /* MessAround */;
			targetProxy = 433E8B64280A6AA60077C742 /* PBXContainerItemProxy */;
		};
		433E8B6F280A6AA60077C742 /* PBXTargetDependency */ = {
			isa = PBXTargetDependency;
			target = 433E8B52280A6AA50077C742 /* MessAround */;
			targetProxy = 433E8B6E280A6AA60077C742 /* PBXContainerItemProxy */;
		};
/* End PBXTargetDependency section */

/* Begin XCBuildConfiguration section */
		433E8B75280A6AA60077C742 /* Debug */ = {
			isa = XCBuildConfiguration;
			buildSettings = {
				ALWAYS_SEARCH_USER_PATHS = NO;
				CLANG_ANALYZER_NONNULL = YES;
				CLANG_ANALYZER_NUMBER_OBJECT_CONVERSION = YES_AGGRESSIVE;
				CLANG_CXX_LANGUAGE_STANDARD = "gnu++17";
				CLANG_ENABLE_MODULES = YES;
				CLANG_ENABLE_OBJC_ARC = YES;
				CLANG_ENABLE_OBJC_WEAK = YES;
				CLANG_WARN_BLOCK_CAPTURE_AUTORELEASING = YES;
				CLANG_WARN_BOOL_CONVERSION = YES;
				CLANG_WARN_COMMA = YES;
				CLANG_WARN_CONSTANT_CONVERSION = YES;
				CLANG_WARN_DEPRECATED_OBJC_IMPLEMENTATIONS = YES;
				CLANG_WARN_DIRECT_OBJC_ISA_USAGE = YES_ERROR;
				CLANG_WARN_DOCUMENTATION_COMMENTS = YES;
				CLANG_WARN_EMPTY_BODY = YES;
				CLANG_WARN_ENUM_CONVERSION = YES;
				CLANG_WARN_INFINITE_RECURSION = YES;
				CLANG_WARN_INT_CONVERSION = YES;
				CLANG_WARN_NON_LITERAL_NULL_CONVERSION = YES;
				CLANG_WARN_OBJC_IMPLICIT_RETAIN_SELF = YES;
				CLANG_WARN_OBJC_LITERAL_CONVERSION = YES;
				CLANG_WARN_OBJC_ROOT_CLASS = YES_ERROR;
				CLANG_WARN_QUOTED_INCLUDE_IN_FRAMEWORK_HEADER = YES;
				CLANG_WARN_RANGE_LOOP_ANALYSIS = YES;
				CLANG_WARN_STRICT_PROTOTYPES = YES;
				CLANG_WARN_SUSPICIOUS_MOVE = YES;
				CLANG_WARN_UNGUARDED_AVAILABILITY = YES_AGGRESSIVE;
				CLANG_WARN_UNREACHABLE_CODE = YES;
				CLANG_WARN__DUPLICATE_METHOD_MATCH = YES;
				COPY_PHASE_STRIP = NO;
				DEBUG_INFORMATION_FORMAT = dwarf;
				ENABLE_STRICT_OBJC_MSGSEND = YES;
				ENABLE_TESTABILITY = YES;
				GCC_C_LANGUAGE_STANDARD = gnu11;
				GCC_DYNAMIC_NO_PIC = NO;
				GCC_NO_COMMON_BLOCKS = YES;
				GCC_OPTIMIZATION_LEVEL = 0;
				GCC_PREPROCESSOR_DEFINITIONS = (
					"DEBUG=1",
					"$(inherited)",
				);
				GCC_WARN_64_TO_32_BIT_CONVERSION = YES;
				GCC_WARN_ABOUT_RETURN_TYPE = YES_ERROR;
				GCC_WARN_UNDECLARED_SELECTOR = YES;
				GCC_WARN_UNINITIALIZED_AUTOS = YES_AGGRESSIVE;
				GCC_WARN_UNUSED_FUNCTION = YES;
				GCC_WARN_UNUSED_VARIABLE = YES;
				IPHONEOS_DEPLOYMENT_TARGET = 15.4;
				MTL_ENABLE_DEBUG_INFO = INCLUDE_SOURCE;
				MTL_FAST_MATH = YES;
				ONLY_ACTIVE_ARCH = YES;
				SDKROOT = iphoneos;
				SWIFT_ACTIVE_COMPILATION_CONDITIONS = DEBUG;
				SWIFT_OPTIMIZATION_LEVEL = "-Onone";
			};
			name = Debug;
		};
		433E8B76280A6AA60077C742 /* Release */ = {
			isa = XCBuildConfiguration;
			buildSettings = {
				ALWAYS_SEARCH_USER_PATHS = NO;
				CLANG_ANALYZER_NONNULL = YES;
				CLANG_ANALYZER_NUMBER_OBJECT_CONVERSION = YES_AGGRESSIVE;
				CLANG_CXX_LANGUAGE_STANDARD = "gnu++17";
				CLANG_ENABLE_MODULES = YES;
				CLANG_ENABLE_OBJC_ARC = YES;
				CLANG_ENABLE_OBJC_WEAK = YES;
				CLANG_WARN_BLOCK_CAPTURE_AUTORELEASING = YES;
				CLANG_WARN_BOOL_CONVERSION = YES;
				CLANG_WARN_COMMA = YES;
				CLANG_WARN_CONSTANT_CONVERSION = YES;
				CLANG_WARN_DEPRECATED_OBJC_IMPLEMENTATIONS = YES;
				CLANG_WARN_DIRECT_OBJC_ISA_USAGE = YES_ERROR;
				CLANG_WARN_DOCUMENTATION_COMMENTS = YES;
				CLANG_WARN_EMPTY_BODY = YES;
				CLANG_WARN_ENUM_CONVERSION = YES;
				CLANG_WARN_INFINITE_RECURSION = YES;
				CLANG_WARN_INT_CONVERSION = YES;
				CLANG_WARN_NON_LITERAL_NULL_CONVERSION = YES;
				CLANG_WARN_OBJC_IMPLICIT_RETAIN_SELF = YES;
				CLANG_WARN_OBJC_LITERAL_CONVERSION = YES;
				CLANG_WARN_OBJC_ROOT_CLASS = YES_ERROR;
				CLANG_WARN_QUOTED_INCLUDE_IN_FRAMEWORK_HEADER = YES;
				CLANG_WARN_RANGE_LOOP_ANALYSIS = YES;
				CLANG_WARN_STRICT_PROTOTYPES = YES;
				CLANG_WARN_SUSPICIOUS_MOVE = YES;
				CLANG_WARN_UNGUARDED_AVAILABILITY = YES_AGGRESSIVE;
				CLANG_WARN_UNREACHABLE_CODE = YES;
				CLANG_WARN__DUPLICATE_METHOD_MATCH = YES;
				COPY_PHASE_STRIP = NO;
				DEBUG_INFORMATION_FORMAT = "dwarf-with-dsym";
				ENABLE_NS_ASSERTIONS = NO;
				ENABLE_STRICT_OBJC_MSGSEND = YES;
				GCC_C_LANGUAGE_STANDARD = gnu11;
				GCC_NO_COMMON_BLOCKS = YES;
				GCC_WARN_64_TO_32_BIT_CONVERSION = YES;
				GCC_WARN_ABOUT_RETURN_TYPE = YES_ERROR;
				GCC_WARN_UNDECLARED_SELECTOR = YES;
				GCC_WARN_UNINITIALIZED_AUTOS = YES_AGGRESSIVE;
				GCC_WARN_UNUSED_FUNCTION = YES;
				GCC_WARN_UNUSED_VARIABLE = YES;
				IPHONEOS_DEPLOYMENT_TARGET = 15.4;
				MTL_ENABLE_DEBUG_INFO = NO;
				MTL_FAST_MATH = YES;
				SDKROOT = iphoneos;
				SWIFT_COMPILATION_MODE = wholemodule;
				SWIFT_OPTIMIZATION_LEVEL = "-O";
				VALIDATE_PRODUCT = YES;
			};
			name = Release;
		};
		433E8B78280A6AA60077C742 /* Debug */ = {
			isa = XCBuildConfiguration;
			buildSettings = {
				ASSETCATALOG_COMPILER_APPICON_NAME = AppIcon;
				ASSETCATALOG_COMPILER_GLOBAL_ACCENT_COLOR_NAME = AccentColor;
				CODE_SIGN_STYLE = Automatic;
				CURRENT_PROJECT_VERSION = 1;
				DEVELOPMENT_ASSET_PATHS = "\"MessAround/Preview Content\"";
				DEVELOPMENT_TEAM = ZBHU8LRUM9;
				ENABLE_PREVIEWS = YES;
				GENERATE_INFOPLIST_FILE = YES;
				INFOPLIST_FILE = MessAround/Info.plist;
				INFOPLIST_KEY_UIApplicationSceneManifest_Generation = YES;
				INFOPLIST_KEY_UIApplicationSupportsIndirectInputEvents = YES;
				INFOPLIST_KEY_UILaunchScreen_Generation = YES;
				INFOPLIST_KEY_UIStatusBarHidden = NO;
				INFOPLIST_KEY_UISupportedInterfaceOrientations = UIInterfaceOrientationPortrait;
				INFOPLIST_KEY_UISupportedInterfaceOrientations_iPad = "UIInterfaceOrientationPortrait UIInterfaceOrientationPortraitUpsideDown UIInterfaceOrientationLandscapeLeft UIInterfaceOrientationLandscapeRight";
				INFOPLIST_KEY_UISupportedInterfaceOrientations_iPhone = "UIInterfaceOrientationPortrait UIInterfaceOrientationLandscapeLeft UIInterfaceOrientationLandscapeRight";
				IPHONEOS_DEPLOYMENT_TARGET = 15.4;
				LD_RUNPATH_SEARCH_PATHS = (
					"$(inherited)",
					"@executable_path/Frameworks",
				);
				MARKETING_VERSION = 1.0;
				PRODUCT_BUNDLE_IDENTIFIER = com.MessAround.EkamGhai;
				PRODUCT_NAME = "$(TARGET_NAME)";
				SWIFT_EMIT_LOC_STRINGS = YES;
				SWIFT_VERSION = 5.0;
				TARGETED_DEVICE_FAMILY = "1,2";
			};
			name = Debug;
		};
		433E8B79280A6AA60077C742 /* Release */ = {
			isa = XCBuildConfiguration;
			buildSettings = {
				ASSETCATALOG_COMPILER_APPICON_NAME = AppIcon;
				ASSETCATALOG_COMPILER_GLOBAL_ACCENT_COLOR_NAME = AccentColor;
				CODE_SIGN_STYLE = Automatic;
				CURRENT_PROJECT_VERSION = 1;
				DEVELOPMENT_ASSET_PATHS = "\"MessAround/Preview Content\"";
				DEVELOPMENT_TEAM = ZBHU8LRUM9;
				ENABLE_PREVIEWS = YES;
				GENERATE_INFOPLIST_FILE = YES;
				INFOPLIST_FILE = MessAround/Info.plist;
				INFOPLIST_KEY_UIApplicationSceneManifest_Generation = YES;
				INFOPLIST_KEY_UIApplicationSupportsIndirectInputEvents = YES;
				INFOPLIST_KEY_UILaunchScreen_Generation = YES;
				INFOPLIST_KEY_UIStatusBarHidden = NO;
				INFOPLIST_KEY_UISupportedInterfaceOrientations = UIInterfaceOrientationPortrait;
				INFOPLIST_KEY_UISupportedInterfaceOrientations_iPad = "UIInterfaceOrientationPortrait UIInterfaceOrientationPortraitUpsideDown UIInterfaceOrientationLandscapeLeft UIInterfaceOrientationLandscapeRight";
				INFOPLIST_KEY_UISupportedInterfaceOrientations_iPhone = "UIInterfaceOrientationPortrait UIInterfaceOrientationLandscapeLeft UIInterfaceOrientationLandscapeRight";
				IPHONEOS_DEPLOYMENT_TARGET = 15.4;
				LD_RUNPATH_SEARCH_PATHS = (
					"$(inherited)",
					"@executable_path/Frameworks",
				);
				MARKETING_VERSION = 1.0;
				PRODUCT_BUNDLE_IDENTIFIER = com.MessAround.EkamGhai;
				PRODUCT_NAME = "$(TARGET_NAME)";
				SWIFT_EMIT_LOC_STRINGS = YES;
				SWIFT_VERSION = 5.0;
				TARGETED_DEVICE_FAMILY = "1,2";
			};
			name = Release;
		};
		433E8B7B280A6AA60077C742 /* Debug */ = {
			isa = XCBuildConfiguration;
			buildSettings = {
				ALWAYS_EMBED_SWIFT_STANDARD_LIBRARIES = YES;
				BUNDLE_LOADER = "$(TEST_HOST)";
				CODE_SIGN_STYLE = Automatic;
				CURRENT_PROJECT_VERSION = 1;
				DEVELOPMENT_TEAM = 74ZKVDVJ3B;
				GENERATE_INFOPLIST_FILE = YES;
				IPHONEOS_DEPLOYMENT_TARGET = 15.4;
				MARKETING_VERSION = 1.0;
				PRODUCT_BUNDLE_IDENTIFIER = com.EkamGhai.MessAroundTests;
				PRODUCT_NAME = "$(TARGET_NAME)";
				SWIFT_EMIT_LOC_STRINGS = NO;
				SWIFT_VERSION = 5.0;
				TARGETED_DEVICE_FAMILY = "1,2";
				TEST_HOST = "$(BUILT_PRODUCTS_DIR)/MessAround.app/MessAround";
			};
			name = Debug;
		};
		433E8B7C280A6AA60077C742 /* Release */ = {
			isa = XCBuildConfiguration;
			buildSettings = {
				ALWAYS_EMBED_SWIFT_STANDARD_LIBRARIES = YES;
				BUNDLE_LOADER = "$(TEST_HOST)";
				CODE_SIGN_STYLE = Automatic;
				CURRENT_PROJECT_VERSION = 1;
				DEVELOPMENT_TEAM = 74ZKVDVJ3B;
				GENERATE_INFOPLIST_FILE = YES;
				IPHONEOS_DEPLOYMENT_TARGET = 15.4;
				MARKETING_VERSION = 1.0;
				PRODUCT_BUNDLE_IDENTIFIER = com.EkamGhai.MessAroundTests;
				PRODUCT_NAME = "$(TARGET_NAME)";
				SWIFT_EMIT_LOC_STRINGS = NO;
				SWIFT_VERSION = 5.0;
				TARGETED_DEVICE_FAMILY = "1,2";
				TEST_HOST = "$(BUILT_PRODUCTS_DIR)/MessAround.app/MessAround";
			};
			name = Release;
		};
		433E8B7E280A6AA60077C742 /* Debug */ = {
			isa = XCBuildConfiguration;
			buildSettings = {
				ALWAYS_EMBED_SWIFT_STANDARD_LIBRARIES = YES;
				CODE_SIGN_STYLE = Automatic;
				CURRENT_PROJECT_VERSION = 1;
				DEVELOPMENT_TEAM = 74ZKVDVJ3B;
				GENERATE_INFOPLIST_FILE = YES;
				MARKETING_VERSION = 1.0;
				PRODUCT_BUNDLE_IDENTIFIER = com.EkamGhai.MessAroundUITests;
				PRODUCT_NAME = "$(TARGET_NAME)";
				SWIFT_EMIT_LOC_STRINGS = NO;
				SWIFT_VERSION = 5.0;
				TARGETED_DEVICE_FAMILY = "1,2";
				TEST_TARGET_NAME = MessAround;
			};
			name = Debug;
		};
		433E8B7F280A6AA60077C742 /* Release */ = {
			isa = XCBuildConfiguration;
			buildSettings = {
				ALWAYS_EMBED_SWIFT_STANDARD_LIBRARIES = YES;
				CODE_SIGN_STYLE = Automatic;
				CURRENT_PROJECT_VERSION = 1;
				DEVELOPMENT_TEAM = 74ZKVDVJ3B;
				GENERATE_INFOPLIST_FILE = YES;
				MARKETING_VERSION = 1.0;
				PRODUCT_BUNDLE_IDENTIFIER = com.EkamGhai.MessAroundUITests;
				PRODUCT_NAME = "$(TARGET_NAME)";
				SWIFT_EMIT_LOC_STRINGS = NO;
				SWIFT_VERSION = 5.0;
				TARGETED_DEVICE_FAMILY = "1,2";
				TEST_TARGET_NAME = MessAround;
			};
			name = Release;
		};
/* End XCBuildConfiguration section */

/* Begin XCConfigurationList section */
		433E8B4E280A6AA50077C742 /* Build configuration list for PBXProject "MessAround" */ = {
			isa = XCConfigurationList;
			buildConfigurations = (
				433E8B75280A6AA60077C742 /* Debug */,
				433E8B76280A6AA60077C742 /* Release */,
			);
			defaultConfigurationIsVisible = 0;
			defaultConfigurationName = Release;
		};
		433E8B77280A6AA60077C742 /* Build configuration list for PBXNativeTarget "MessAround" */ = {
			isa = XCConfigurationList;
			buildConfigurations = (
				433E8B78280A6AA60077C742 /* Debug */,
				433E8B79280A6AA60077C742 /* Release */,
			);
			defaultConfigurationIsVisible = 0;
			defaultConfigurationName = Release;
		};
		433E8B7A280A6AA60077C742 /* Build configuration list for PBXNativeTarget "MessAroundTests" */ = {
			isa = XCConfigurationList;
			buildConfigurations = (
				433E8B7B280A6AA60077C742 /* Debug */,
				433E8B7C280A6AA60077C742 /* Release */,
			);
			defaultConfigurationIsVisible = 0;
			defaultConfigurationName = Release;
		};
		433E8B7D280A6AA60077C742 /* Build configuration list for PBXNativeTarget "MessAroundUITests" */ = {
			isa = XCConfigurationList;
			buildConfigurations = (
				433E8B7E280A6AA60077C742 /* Debug */,
				433E8B7F280A6AA60077C742 /* Release */,
			);
			defaultConfigurationIsVisible = 0;
			defaultConfigurationName = Release;
		};
/* End XCConfigurationList section */
	};
	rootObject = 433E8B4B280A6AA50077C742 /* Project object */;
}
